lockfileVersion: 5.4

specifiers:
  '@nocom_bot/types_ts_plugin_a1': ^0.14.2
  '@tsconfig/node18': ^1.0.1
  '@types/node': ^18.7.20

dependencies:
  '@nocom_bot/types_ts_plugin_a1': 0.14.2
  '@tsconfig/node18': 1.0.1
  '@types/node': 18.7.20

packages:

  /@nocom_bot/types_ts_plugin_a1/0.14.2:
    resolution: {integrity: sha512-rlOZZLliTVe4tNuGiAgCPDOLfr7uBQD8vUBzYrtOD0rkxb5jW9/Vqwq5WFKW+1RwH0QEzYMqsbHQ0gPpTK6CWw==}
    dev: false

  /@tsconfig/node18/1.0.1:
    resolution: {integrity: sha512-sNFeK6X2ATlhlvzyH4kKYQlfHXE2f2/wxtB9ClvYXevWpmwkUT7VaSrjIN9E76Qebz8qP5JOJJ9jD3QoD/Z9TA==}
    dev: false

  /@types/node/18.7.20:
    resolution: {integrity: sha512-adzY4vLLr5Uivmx8+zfSJ5fbdgKxX8UMtjtl+17n0B1q1Nz8JEmE151vefMdpD+1gyh+77weN4qEhej/O7budQ==}
    dev: false
